
Microsoft Visual Studio Solution File, Format Version 12.00
Project("{FAE04EC0-301F-11D3-BF4B-00C04F79EFBC}") = "Todo.Data", "Todo.Data\Todo.Data.csproj", "{AE0C8F44-38B4-4892-9C48-35B0F1C46770}"
EndProject
Project("{FAE04EC0-301F-11D3-BF4B-00C04F79EFBC}") = "Todo.Web", "Todo.Web\Todo.Web.csproj", "{9DD004D8-7572-48B6-B3A8-EEEC067EFB0D}"
EndProject
Global
	GlobalSection(SolutionConfigurationPlatforms) = preSolution
		Debug|Any CPU = Debug|Any CPU
		Release|Any CPU = Release|Any CPU
	EndGlobalSection
	GlobalSection(ProjectConfigurationPlatforms) = postSolution
		{AE0C8F44-38B4-4892-9C48-35B0F1C46770}.Debug|Any CPU.ActiveCfg = Debug|Any CPU
		{AE0C8F44-38B4-4892-9C48-35B0F1C46770}.Debug|Any CPU.Build.0 = Debug|Any CPU
		{AE0C8F44-38B4-4892-9C48-35B0F1C46770}.Release|Any CPU.ActiveCfg = Release|Any CPU
		{AE0C8F44-38B4-4892-9C48-35B0F1C46770}.Release|Any CPU.Build.0 = Release|Any CPU
		{9DD004D8-7572-48B6-B3A8-EEEC067EFB0D}.Debug|Any CPU.ActiveCfg = Debug|Any CPU
		{9DD004D8-7572-48B6-B3A8-EEEC067EFB0D}.Debug|Any CPU.Build.0 = Debug|Any CPU
		{9DD004D8-7572-48B6-B3A8-EEEC067EFB0D}.Release|Any CPU.ActiveCfg = Release|Any CPU
		{9DD004D8-7572-48B6-B3A8-EEEC067EFB0D}.Release|Any CPU.Build.0 = Release|Any CPU
	EndGlobalSection
EndGlobal
